
Microsoft Visual Studio Solution File, Format Version 12.00
# Visual Studio Version 17
VisualStudioVersion = 17.13.35919.96
MinimumVisualStudioVersion = 10.0.40219.1
Project("{FAE04EC0-301F-11D3-BF4B-00C04F79EFBC}") = "BookLocal.PortalWWW", "BookLocal.PortalWWW\BookLocal.PortalWWW.csproj", "{7222C463-0242-4507-8101-BB3F45E708DD}"
EndProject
Project("{FAE04EC0-301F-11D3-BF4B-00C04F79EFBC}") = "BookLocal.Intranet", "BookLocal.Intranet\BookLocal.Intranet.csproj", "{F086397A-2EA0-4DD6-BD63-97BC21B13AEA}"
EndProject
Project("{FAE04EC0-301F-11D3-BF4B-00C04F79EFBC}") = "BookLocal.Data", "BookLocal.Data\BookLocal.Data.csproj", "{D1C0303E-1699-43C5-BA1B-4F68B9B23C27}"
EndProject
Global
	GlobalSection(SolutionConfigurationPlatforms) = preSolution
		Debug|Any CPU = Debug|Any CPU
		Release|Any CPU = Release|Any CPU
	EndGlobalSection
	GlobalSection(ProjectConfigurationPlatforms) = postSolution
		{7222C463-0242-4507-8101-BB3F45E708DD}.Debug|Any CPU.ActiveCfg = Debug|Any CPU
		{7222C463-0242-4507-8101-BB3F45E708DD}.Debug|Any CPU.Build.0 = Debug|Any CPU
		{7222C463-0242-4507-8101-BB3F45E708DD}.Release|Any CPU.ActiveCfg = Release|Any CPU
		{7222C463-0242-4507-8101-BB3F45E708DD}.Release|Any CPU.Build.0 = Release|Any CPU
		{F086397A-2EA0-4DD6-BD63-97BC21B13AEA}.Debug|Any CPU.ActiveCfg = Debug|Any CPU
		{F086397A-2EA0-4DD6-BD63-97BC21B13AEA}.Debug|Any CPU.Build.0 = Debug|Any CPU
		{F086397A-2EA0-4DD6-BD63-97BC21B13AEA}.Release|Any CPU.ActiveCfg = Release|Any CPU
		{F086397A-2EA0-4DD6-BD63-97BC21B13AEA}.Release|Any CPU.Build.0 = Release|Any CPU
		{D1C0303E-1699-43C5-BA1B-4F68B9B23C27}.Debug|Any CPU.ActiveCfg = Debug|Any CPU
		{D1C0303E-1699-43C5-BA1B-4F68B9B23C27}.Debug|Any CPU.Build.0 = Debug|Any CPU
		{D1C0303E-1699-43C5-BA1B-4F68B9B23C27}.Release|Any CPU.ActiveCfg = Release|Any CPU
		{D1C0303E-1699-43C5-BA1B-4F68B9B23C27}.Release|Any CPU.Build.0 = Release|Any CPU
	EndGlobalSection
	GlobalSection(SolutionProperties) = preSolution
		HideSolutionNode = FALSE
	EndGlobalSection
	GlobalSection(ExtensibilityGlobals) = postSolution
		SolutionGuid = {03982946-25CD-48B0-9FC8-E9B6E0836C1E}
	EndGlobalSection
EndGlobal
